// !$*UTF8*$!
{
	archiveVersion = 1;
	classes = {
	};
	objectVersion = 50;
	objects = {

/* Begin PBXBuildFile section */
		C844472F27490E7F001A34AF /* AppDelegate.swift in Sources */ = {isa = PBXBuildFile; fileRef = C844472E27490E7F001A34AF /* AppDelegate.swift */; };
		C844473127490E7F001A34AF /* SceneDelegate.swift in Sources */ = {isa = PBXBuildFile; fileRef = C844473027490E7F001A34AF /* SceneDelegate.swift */; };
		C844473327490E7F001A34AF /* LoginViewController.swift in Sources */ = {isa = PBXBuildFile; fileRef = C844473227490E7F001A34AF /* LoginViewController.swift */; };
		C844473627490E7F001A34AF /* Main.storyboard in Resources */ = {isa = PBXBuildFile; fileRef = C844473427490E7F001A34AF /* Main.storyboard */; };
		C844473827490E82001A34AF /* Assets.xcassets in Resources */ = {isa = PBXBuildFile; fileRef = C844473727490E82001A34AF /* Assets.xcassets */; };
		C844473B27490E82001A34AF /* LaunchScreen.storyboard in Resources */ = {isa = PBXBuildFile; fileRef = C844473927490E82001A34AF /* LaunchScreen.storyboard */; };
		C8444743274928EE001A34AF /* TasksViewController.swift in Sources */ = {isa = PBXBuildFile; fileRef = C8444742274928EE001A34AF /* TasksViewController.swift */; };
		C844474A2749341B001A34AF /* GoogleService-Info.plist in Resources */ = {isa = PBXBuildFile; fileRef = C84447492749341B001A34AF /* GoogleService-Info.plist */; };
		E32748F8B0FF3F2DFAAF3270 /* Pods_ToDoFire.framework in Frameworks */ = {isa = PBXBuildFile; fileRef = CFAC775DACE3132E8469B9F2 /* Pods_ToDoFire.framework */; };
/* End PBXBuildFile section */

/* Begin PBXFileReference section */
		C844472B27490E7F001A34AF /* ToDoFire.app */ = {isa = PBXFileReference; explicitFileType = wrapper.application; includeInIndex = 0; path = ToDoFire.app; sourceTree = BUILT_PRODUCTS_DIR; };
		C844472E27490E7F001A34AF /* AppDelegate.swift */ = {isa = PBXFileReference; lastKnownFileType = sourcecode.swift; path = AppDelegate.swift; sourceTree = "<group>"; };
		C844473027490E7F001A34AF /* SceneDelegate.swift */ = {isa = PBXFileReference; lastKnownFileType = sourcecode.swift; path = SceneDelegate.swift; sourceTree = "<group>"; };
		C844473227490E7F001A34AF /* LoginViewController.swift */ = {isa = PBXFileReference; lastKnownFileType = sourcecode.swift; path = LoginViewController.swift; sourceTree = "<group>"; };
		C844473527490E7F001A34AF /* Base */ = {isa = PBXFileReference; lastKnownFileType = file.storyboard; name = Base; path = Base.lproj/Main.storyboard; sourceTree = "<group>"; };
		C844473727490E82001A34AF /* Assets.xcassets */ = {isa = PBXFileReference; lastKnownFileType = folder.assetcatalog; path = Assets.xcassets; sourceTree = "<group>"; };
		C844473A27490E82001A34AF /* Base */ = {isa = PBXFileReference; lastKnownFileType = file.storyboard; name = Base; path = Base.lproj/LaunchScreen.storyboard; sourceTree = "<group>"; };
		C844473C27490E82001A34AF /* Info.plist */ = {isa = PBXFileReference; lastKnownFileType = text.plist.xml; path = Info.plist; sourceTree = "<group>"; };
		C8444742274928EE001A34AF /* TasksViewController.swift */ = {isa = PBXFileReference; lastKnownFileType = sourcecode.swift; path = TasksViewController.swift; sourceTree = "<group>"; };
		C84447492749341B001A34AF /* GoogleService-Info.plist */ = {isa = PBXFileReference; fileEncoding = 4; lastKnownFileType = text.plist.xml; path = "GoogleService-Info.plist"; sourceTree = "<group>"; };
		CFAC775DACE3132E8469B9F2 /* Pods_ToDoFire.framework */ = {isa = PBXFileReference; explicitFileType = wrapper.framework; includeInIndex = 0; path = Pods_ToDoFire.framework; sourceTree = BUILT_PRODUCTS_DIR; };
		D31FDBED80E8C4C0C6BA25A1 /* Pods-ToDoFire.release.xcconfig */ = {isa = PBXFileReference; includeInIndex = 1; lastKnownFileType = text.xcconfig; name = "Pods-ToDoFire.release.xcconfig"; path = "Target Support Files/Pods-ToDoFire/Pods-ToDoFire.release.xcconfig"; sourceTree = "<group>"; };
		ED45CFEE787A5E4D0A28FCB8 /* Pods-ToDoFire.debug.xcconfig */ = {isa = PBXFileReference; includeInIndex = 1; lastKnownFileType = text.xcconfig; name = "Pods-ToDoFire.debug.xcconfig"; path = "Target Support Files/Pods-ToDoFire/Pods-ToDoFire.debug.xcconfig"; sourceTree = "<group>"; };
/* End PBXFileReference section */

/* Begin PBXFrameworksBuildPhase section */
		C844472827490E7F001A34AF /* Frameworks */ = {
			isa = PBXFrameworksBuildPhase;
			buildActionMask = 2147483647;
			files = (
				E32748F8B0FF3F2DFAAF3270 /* Pods_ToDoFire.framework in Frameworks */,
			);
			runOnlyForDeploymentPostprocessing = 0;
		};
/* End PBXFrameworksBuildPhase section */

/* Begin PBXGroup section */
		508C45DE57807D62A5A7327C /* Pods */ = {
			isa = PBXGroup;
			children = (
				ED45CFEE787A5E4D0A28FCB8 /* Pods-ToDoFire.debug.xcconfig */,
				D31FDBED80E8C4C0C6BA25A1 /* Pods-ToDoFire.release.xcconfig */,
			);
			name = Pods;
			path = Pods;
			sourceTree = "<group>";
		};
		C844472227490E7F001A34AF = {
			isa = PBXGroup;
			children = (
				C844472D27490E7F001A34AF /* ToDoFire */,
				C844472C27490E7F001A34AF /* Products */,
				508C45DE57807D62A5A7327C /* Pods */,
				E05F40450EB78E0E7D2D3F75 /* Frameworks */,
			);
			sourceTree = "<group>";
		};
		C844472C27490E7F001A34AF /* Products */ = {
			isa = PBXGroup;
			children = (
				C844472B27490E7F001A34AF /* ToDoFire.app */,
			);
			name = Products;
			sourceTree = "<group>";
		};
		C844472D27490E7F001A34AF /* ToDoFire */ = {
			isa = PBXGroup;
			children = (
				C844474627492988001A34AF /* Controllers */,
				C844474527492955001A34AF /* Supporting files */,
			);
			path = ToDoFire;
			sourceTree = "<group>";
		};
		C844474527492955001A34AF /* Supporting files */ = {
			isa = PBXGroup;
			children = (
				C844472E27490E7F001A34AF /* AppDelegate.swift */,
				C844473027490E7F001A34AF /* SceneDelegate.swift */,
				C844473427490E7F001A34AF /* Main.storyboard */,
				C844473727490E82001A34AF /* Assets.xcassets */,
				C844473927490E82001A34AF /* LaunchScreen.storyboard */,
				C844473C27490E82001A34AF /* Info.plist */,
				C84447492749341B001A34AF /* GoogleService-Info.plist */,
			);
			path = "Supporting files";
			sourceTree = "<group>";
		};
		C844474627492988001A34AF /* Controllers */ = {
			isa = PBXGroup;
			children = (
				C844473227490E7F001A34AF /* LoginViewController.swift */,
				C8444742274928EE001A34AF /* TasksViewController.swift */,
			);
			path = Controllers;
			sourceTree = "<group>";
		};
		E05F40450EB78E0E7D2D3F75 /* Frameworks */ = {
			isa = PBXGroup;
			children = (
				CFAC775DACE3132E8469B9F2 /* Pods_ToDoFire.framework */,
			);
			name = Frameworks;
			sourceTree = "<group>";
		};
/* End PBXGroup section */

/* Begin PBXNativeTarget section */
		C844472A27490E7F001A34AF /* ToDoFire */ = {
			isa = PBXNativeTarget;
			buildConfigurationList = C844473F27490E82001A34AF /* Build configuration list for PBXNativeTarget "ToDoFire" */;
			buildPhases = (
				D767BBA92BD15C4B005D05BC /* [CP] Check Pods Manifest.lock */,
				C844472727490E7F001A34AF /* Sources */,
				C844472827490E7F001A34AF /* Frameworks */,
				C844472927490E7F001A34AF /* Resources */,
				1966CBDBEFE2F2B6FAB40E93 /* [CP] Embed Pods Frameworks */,
			);
			buildRules = (
			);
			dependencies = (
			);
			name = ToDoFire;
			productName = ToDoFire;
			productReference = C844472B27490E7F001A34AF /* ToDoFire.app */;
			productType = "com.apple.product-type.application";
		};
/* End PBXNativeTarget section */

/* Begin PBXProject section */
		C844472327490E7F001A34AF /* Project object */ = {
			isa = PBXProject;
			attributes = {
				LastSwiftUpdateCheck = 1250;
				LastUpgradeCheck = 1250;
				TargetAttributes = {
					C844472A27490E7F001A34AF = {
						CreatedOnToolsVersion = 12.5.1;
					};
				};
			};
			buildConfigurationList = C844472627490E7F001A34AF /* Build configuration list for PBXProject "ToDoFire" */;
			compatibilityVersion = "Xcode 9.3";
			developmentRegion = en;
			hasScannedForEncodings = 0;
			knownRegions = (
				en,
				Base,
			);
			mainGroup = C844472227490E7F001A34AF;
			productRefGroup = C844472C27490E7F001A34AF /* Products */;
			projectDirPath = "";
			projectRoot = "";
			targets = (
				C844472A27490E7F001A34AF /* ToDoFire */,
			);
		};
/* End PBXProject section */

/* Begin PBXResourcesBuildPhase section */
		C844472927490E7F001A34AF /* Resources */ = {
			isa = PBXResourcesBuildPhase;
			buildActionMask = 2147483647;
			files = (
				C844473B27490E82001A34AF /* LaunchScreen.storyboard in Resources */,
				C844474A2749341B001A34AF /* GoogleService-Info.plist in Resources */,
				C844473827490E82001A34AF /* Assets.xcassets in Resources */,
				C844473627490E7F001A34AF /* Main.storyboard in Resources */,
			);
			runOnlyForDeploymentPostprocessing = 0;
		};
/* End PBXResourcesBuildPhase section */

/* Begin PBXShellScriptBuildPhase section */
		1966CBDBEFE2F2B6FAB40E93 /* [CP] Embed Pods Frameworks */ = {
			isa = PBXShellScriptBuildPhase;
			buildActionMask = 2147483647;
			files = (
			);
			inputFileListPaths = (
				"${PODS_ROOT}/Target Support Files/Pods-ToDoFire/Pods-ToDoFire-frameworks-${CONFIGURATION}-input-files.xcfilelist",
			);
			name = "[CP] Embed Pods Frameworks";
			outputFileListPaths = (
				"${PODS_ROOT}/Target Support Files/Pods-ToDoFire/Pods-ToDoFire-frameworks-${CONFIGURATION}-output-files.xcfilelist",
			);
			runOnlyForDeploymentPostprocessing = 0;
			shellPath = /bin/sh;
			shellScript = "\"${PODS_ROOT}/Target Support Files/Pods-ToDoFire/Pods-ToDoFire-frameworks.sh\"\n";
			showEnvVarsInLog = 0;
		};
		D767BBA92BD15C4B005D05BC /* [CP] Check Pods Manifest.lock */ = {
			isa = PBXShellScriptBuildPhase;
			buildActionMask = 2147483647;
			files = (
			);
			inputFileListPaths = (
			);
			inputPaths = (
				"${PODS_PODFILE_DIR_PATH}/Podfile.lock",
				"${PODS_ROOT}/Manifest.lock",
			);
			name = "[CP] Check Pods Manifest.lock";
			outputFileListPaths = (
			);
			outputPaths = (
				"$(DERIVED_FILE_DIR)/Pods-ToDoFire-checkManifestLockResult.txt",
			);
			runOnlyForDeploymentPostprocessing = 0;
			shellPath = /bin/sh;
			shellScript = "diff \"${PODS_PODFILE_DIR_PATH}/Podfile.lock\" \"${PODS_ROOT}/Manifest.lock\" > /dev/null\nif [ $? != 0 ] ; then\n    # print error to STDERR\n    echo \"error: The sandbox is not in sync with the Podfile.lock. Run 'pod install' or update your CocoaPods installation.\" >&2\n    exit 1\nfi\n# This output is used by Xcode 'outputs' to avoid re-running this script phase.\necho \"SUCCESS\" > \"${SCRIPT_OUTPUT_FILE_0}\"\n";
			showEnvVarsInLog = 0;
		};
/* End PBXShellScriptBuildPhase section */

/* Begin PBXSourcesBuildPhase section */
		C844472727490E7F001A34AF /* Sources */ = {
			isa = PBXSourcesBuildPhase;
			buildActionMask = 2147483647;
			files = (
				C844473327490E7F001A34AF /* LoginViewController.swift in Sources */,
				C8444743274928EE001A34AF /* TasksViewController.swift in Sources */,
				C844472F27490E7F001A34AF /* AppDelegate.swift in Sources */,
				C844473127490E7F001A34AF /* SceneDelegate.swift in Sources */,
			);
			runOnlyForDeploymentPostprocessing = 0;
		};
/* End PBXSourcesBuildPhase section */

/* Begin PBXVariantGroup section */
		C844473427490E7F001A34AF /* Main.storyboard */ = {
			isa = PBXVariantGroup;
			children = (
				C844473527490E7F001A34AF /* Base */,
			);
			name = Main.storyboard;
			sourceTree = "<group>";
		};
		C844473927490E82001A34AF /* LaunchScreen.storyboard */ = {
			isa = PBXVariantGroup;
			children = (
				C844473A27490E82001A34AF /* Base */,
			);
			name = LaunchScreen.storyboard;
			sourceTree = "<group>";
		};
/* End PBXVariantGroup section */

/* Begin XCBuildConfiguration section */
		C844473D27490E82001A34AF /* Debug */ = {
			isa = XCBuildConfiguration;
			buildSettings = {
				ALWAYS_SEARCH_USER_PATHS = NO;
				CLANG_ANALYZER_NONNULL = YES;
				CLANG_ANALYZER_NUMBER_OBJECT_CONVERSION = YES_AGGRESSIVE;
				CLANG_CXX_LANGUAGE_STANDARD = "gnu++14";
				CLANG_CXX_LIBRARY = "libc++";
				CLANG_ENABLE_MODULES = YES;
				CLANG_ENABLE_OBJC_ARC = YES;
				CLANG_ENABLE_OBJC_WEAK = YES;
				CLANG_WARN_BLOCK_CAPTURE_AUTORELEASING = YES;
				CLANG_WARN_BOOL_CONVERSION = YES;
				CLANG_WARN_COMMA = YES;
				CLANG_WARN_CONSTANT_CONVERSION = YES;
				CLANG_WARN_DEPRECATED_OBJC_IMPLEMENTATIONS = YES;
				CLANG_WARN_DIRECT_OBJC_ISA_USAGE = YES_ERROR;
				CLANG_WARN_DOCUMENTATION_COMMENTS = YES;
				CLANG_WARN_EMPTY_BODY = YES;
				CLANG_WARN_ENUM_CONVERSION = YES;
				CLANG_WARN_INFINITE_RECURSION = YES;
				CLANG_WARN_INT_CONVERSION = YES;
				CLANG_WARN_NON_LITERAL_NULL_CONVERSION = YES;
				CLANG_WARN_OBJC_IMPLICIT_RETAIN_SELF = YES;
				CLANG_WARN_OBJC_LITERAL_CONVERSION = YES;
				CLANG_WARN_OBJC_ROOT_CLASS = YES_ERROR;
				CLANG_WARN_QUOTED_INCLUDE_IN_FRAMEWORK_HEADER = YES;
				CLANG_WARN_RANGE_LOOP_ANALYSIS = YES;
				CLANG_WARN_STRICT_PROTOTYPES = YES;
				CLANG_WARN_SUSPICIOUS_MOVE = YES;
				CLANG_WARN_UNGUARDED_AVAILABILITY = YES_AGGRESSIVE;
				CLANG_WARN_UNREACHABLE_CODE = YES;
				CLANG_WARN__DUPLICATE_METHOD_MATCH = YES;
				COPY_PHASE_STRIP = NO;
				DEBUG_INFORMATION_FORMAT = dwarf;
				ENABLE_STRICT_OBJC_MSGSEND = YES;
				ENABLE_TESTABILITY = YES;
				GCC_C_LANGUAGE_STANDARD = gnu11;
				GCC_DYNAMIC_NO_PIC = NO;
				GCC_NO_COMMON_BLOCKS = YES;
				GCC_OPTIMIZATION_LEVEL = 0;
				GCC_PREPROCESSOR_DEFINITIONS = (
					"DEBUG=1",
					"$(inherited)",
				);
				GCC_WARN_64_TO_32_BIT_CONVERSION = YES;
				GCC_WARN_ABOUT_RETURN_TYPE = YES_ERROR;
				GCC_WARN_UNDECLARED_SELECTOR = YES;
				GCC_WARN_UNINITIALIZED_AUTOS = YES_AGGRESSIVE;
				GCC_WARN_UNUSED_FUNCTION = YES;
				GCC_WARN_UNUSED_VARIABLE = YES;
				IPHONEOS_DEPLOYMENT_TARGET = 14.5;
				MTL_ENABLE_DEBUG_INFO = INCLUDE_SOURCE;
				MTL_FAST_MATH = YES;
				ONLY_ACTIVE_ARCH = YES;
				SDKROOT = iphoneos;
				SWIFT_ACTIVE_COMPILATION_CONDITIONS = DEBUG;
				SWIFT_OPTIMIZATION_LEVEL = "-Onone";
			};
			name = Debug;
		};
		C844473E27490E82001A34AF /* Release */ = {
			isa = XCBuildConfiguration;
			buildSettings = {
				ALWAYS_SEARCH_USER_PATHS = NO;
				CLANG_ANALYZER_NONNULL = YES;
				CLANG_ANALYZER_NUMBER_OBJECT_CONVERSION = YES_AGGRESSIVE;
				CLANG_CXX_LANGUAGE_STANDARD = "gnu++14";
				CLANG_CXX_LIBRARY = "libc++";
				CLANG_ENABLE_MODULES = YES;
				CLANG_ENABLE_OBJC_ARC = YES;
				CLANG_ENABLE_OBJC_WEAK = YES;
				CLANG_WARN_BLOCK_CAPTURE_AUTORELEASING = YES;
				CLANG_WARN_BOOL_CONVERSION = YES;
				CLANG_WARN_COMMA = YES;
				CLANG_WARN_CONSTANT_CONVERSION = YES;
				CLANG_WARN_DEPRECATED_OBJC_IMPLEMENTATIONS = YES;
				CLANG_WARN_DIRECT_OBJC_ISA_USAGE = YES_ERROR;
				CLANG_WARN_DOCUMENTATION_COMMENTS = YES;
				CLANG_WARN_EMPTY_BODY = YES;
				CLANG_WARN_ENUM_CONVERSION = YES;
				CLANG_WARN_INFINITE_RECURSION = YES;
				CLANG_WARN_INT_CONVERSION = YES;
				CLANG_WARN_NON_LITERAL_NULL_CONVERSION = YES;
				CLANG_WARN_OBJC_IMPLICIT_RETAIN_SELF = YES;
				CLANG_WARN_OBJC_LITERAL_CONVERSION = YES;
				CLANG_WARN_OBJC_ROOT_CLASS = YES_ERROR;
				CLANG_WARN_QUOTED_INCLUDE_IN_FRAMEWORK_HEADER = YES;
				CLANG_WARN_RANGE_LOOP_ANALYSIS = YES;
				CLANG_WARN_STRICT_PROTOTYPES = YES;
				CLANG_WARN_SUSPICIOUS_MOVE = YES;
				CLANG_WARN_UNGUARDED_AVAILABILITY = YES_AGGRESSIVE;
				CLANG_WARN_UNREACHABLE_CODE = YES;
				CLANG_WARN__DUPLICATE_METHOD_MATCH = YES;
				COPY_PHASE_STRIP = NO;
				DEBUG_INFORMATION_FORMAT = "dwarf-with-dsym";
				ENABLE_NS_ASSERTIONS = NO;
				ENABLE_STRICT_OBJC_MSGSEND = YES;
				GCC_C_LANGUAGE_STANDARD = gnu11;
				GCC_NO_COMMON_BLOCKS = YES;
				GCC_WARN_64_TO_32_BIT_CONVERSION = YES;
				GCC_WARN_ABOUT_RETURN_TYPE = YES_ERROR;
				GCC_WARN_UNDECLARED_SELECTOR = YES;
				GCC_WARN_UNINITIALIZED_AUTOS = YES_AGGRESSIVE;
				GCC_WARN_UNUSED_FUNCTION = YES;
				GCC_WARN_UNUSED_VARIABLE = YES;
				IPHONEOS_DEPLOYMENT_TARGET = 14.5;
				MTL_ENABLE_DEBUG_INFO = NO;
				MTL_FAST_MATH = YES;
				SDKROOT = iphoneos;
				SWIFT_COMPILATION_MODE = wholemodule;
				SWIFT_OPTIMIZATION_LEVEL = "-O";
				VALIDATE_PRODUCT = YES;
			};
			name = Release;
		};
		C844474027490E82001A34AF /* Debug */ = {
			isa = XCBuildConfiguration;
			baseConfigurationReference = ED45CFEE787A5E4D0A28FCB8 /* Pods-ToDoFire.debug.xcconfig */;
			buildSettings = {
				ASSETCATALOG_COMPILER_APPICON_NAME = AppIcon;
				ASSETCATALOG_COMPILER_GLOBAL_ACCENT_COLOR_NAME = AccentColor;
				CODE_SIGN_STYLE = Automatic;
				DEVELOPMENT_TEAM = PZ4TJ9HJ8L;
				INFOPLIST_FILE = "$(SRCROOT)/ToDoFire/Supporting files/Info.plist";
				LD_RUNPATH_SEARCH_PATHS = (
					"$(inherited)",
					"@executable_path/Frameworks",
				);
				PRODUCT_BUNDLE_IDENTIFIER = ru.varda.ToDoFire;
				PRODUCT_NAME = "$(TARGET_NAME)";
				SWIFT_VERSION = 5.0;
				TARGETED_DEVICE_FAMILY = "1,2";
			};
			name = Debug;
		};
		C844474127490E82001A34AF /* Release */ = {
			isa = XCBuildConfiguration;
			baseConfigurationReference = D31FDBED80E8C4C0C6BA25A1 /* Pods-ToDoFire.release.xcconfig */;
			buildSettings = {
				ASSETCATALOG_COMPILER_APPICON_NAME = AppIcon;
				ASSETCATALOG_COMPILER_GLOBAL_ACCENT_COLOR_NAME = AccentColor;
				CODE_SIGN_STYLE = Automatic;
				DEVELOPMENT_TEAM = PZ4TJ9HJ8L;
				INFOPLIST_FILE = "$(SRCROOT)/ToDoFire/Supporting files/Info.plist";
				LD_RUNPATH_SEARCH_PATHS = (
					"$(inherited)",
					"@executable_path/Frameworks",
				);
				PRODUCT_BUNDLE_IDENTIFIER = ru.varda.ToDoFire;
				PRODUCT_NAME = "$(TARGET_NAME)";
				SWIFT_VERSION = 5.0;
				TARGETED_DEVICE_FAMILY = "1,2";
			};
			name = Release;
		};
/* End XCBuildConfiguration section */

/* Begin XCConfigurationList section */
		C844472627490E7F001A34AF /* Build configuration list for PBXProject "ToDoFire" */ = {
			isa = XCConfigurationList;
			buildConfigurations = (
				C844473D27490E82001A34AF /* Debug */,
				C844473E27490E82001A34AF /* Release */,
			);
			defaultConfigurationIsVisible = 0;
			defaultConfigurationName = Release;
		};
		C844473F27490E82001A34AF /* Build configuration list for PBXNativeTarget "ToDoFire" */ = {
			isa = XCConfigurationList;
			buildConfigurations = (
				C844474027490E82001A34AF /* Debug */,
				C844474127490E82001A34AF /* Release */,
			);
			defaultConfigurationIsVisible = 0;
			defaultConfigurationName = Release;
		};
/* End XCConfigurationList section */
	};
	rootObject = C844472327490E7F001A34AF /* Project object */;
}
